
Microsoft Visual Studio Solution File, Format Version 12.00
# Visual Studio 2013
VisualStudioVersion = 12.0.31101.0
MinimumVisualStudioVersion = 10.0.40219.1
Project("{FAE04EC0-301F-11D3-BF4B-00C04F79EFBC}") = "PerfTest2-ClassicXamarin.Android", "PerfTest2-ClassicXamarin.Android\PerfTest2-ClassicXamarin.Android.csproj", "{5C8D4C37-30C5-4D1F-903C-E697DE56D7BC}"
EndProject
Project("{FAE04EC0-301F-11D3-BF4B-00C04F79EFBC}") = "PerfTest2-XamarinForms.Android", "PerfTest2-XamarinForms.Android\PerfTest2-XamarinForms.Android.csproj", "{4FD5D9F9-9568-44AF-93E8-142894F851D8}"
EndProject
Project("{FAE04EC0-301F-11D3-BF4B-00C04F79EFBC}") = "PerfTest2-ClassicXamarin.Ios", "PerfTest2-ClassicXamarin.Ios\PerfTest2-ClassicXamarin.Ios.csproj", "{61FD5F83-37A5-4B3C-BDC2-A84339344A27}"
EndProject
Project("{FAE04EC0-301F-11D3-BF4B-00C04F79EFBC}") = "PerfTest2-XamarinForms.Ios", "PerfTest2-XamarinForms.Ios\PerfTest2-XamarinForms.Ios.csproj", "{D18294B8-9FC4-4BDD-8EC5-6353A65B1F35}"
EndProject
Project("{D954291E-2A0B-460D-934E-DC6B0785DB48}") = "PerfTest2-Xamarin.Shared", "PerfTest2-Xamarin.Shared\PerfTest2-Xamarin.Shared.shproj", "{CBEFB98A-24EE-4A56-BC4D-C121B86DE643}"
EndProject
Project("{D954291E-2A0B-460D-934E-DC6B0785DB48}") = "PerfTest2-XamarinForms.Shared", "PerfTest2-XamarinForms.Shared\PerfTest2-XamarinForms.Shared.shproj", "{49C9F7C3-97A7-4D2D-9A6C-2738348BFE5F}"
EndProject
Global
	GlobalSection(SharedMSBuildProjectFiles) = preSolution
		PerfTest2-Xamarin.Shared\PerfTest2-Xamarin.Shared.projitems*{5c8d4c37-30c5-4d1f-903c-e697de56d7bc}*SharedItemsImports = 4
		PerfTest2-XamarinForms.Shared\PerfTest2-XamarinForms.Shared.projitems*{4fd5d9f9-9568-44af-93e8-142894f851d8}*SharedItemsImports = 4
		PerfTest2-Xamarin.Shared\PerfTest2-Xamarin.Shared.projitems*{4fd5d9f9-9568-44af-93e8-142894f851d8}*SharedItemsImports = 4
		PerfTest2-XamarinForms.Shared\PerfTest2-XamarinForms.Shared.projitems*{49c9f7c3-97a7-4d2d-9a6c-2738348bfe5f}*SharedItemsImports = 13
		PerfTest2-Xamarin.Shared\PerfTest2-Xamarin.Shared.projitems*{61fd5f83-37a5-4b3c-bdc2-a84339344a27}*SharedItemsImports = 4
		PerfTest2-XamarinForms.Shared\PerfTest2-XamarinForms.Shared.projitems*{d18294b8-9fc4-4bdd-8ec5-6353a65b1f35}*SharedItemsImports = 4
		PerfTest2-Xamarin.Shared\PerfTest2-Xamarin.Shared.projitems*{d18294b8-9fc4-4bdd-8ec5-6353a65b1f35}*SharedItemsImports = 4
		PerfTest2-Xamarin.Shared\PerfTest2-Xamarin.Shared.projitems*{cbefb98a-24ee-4a56-bc4d-c121b86de643}*SharedItemsImports = 13
	EndGlobalSection
	GlobalSection(SolutionConfigurationPlatforms) = preSolution
		Ad-Hoc|Any CPU = Ad-Hoc|Any CPU
		Ad-Hoc|ARM = Ad-Hoc|ARM
		Ad-Hoc|iPhone = Ad-Hoc|iPhone
		Ad-Hoc|iPhoneSimulator = Ad-Hoc|iPhoneSimulator
		Ad-Hoc|Mixed Platforms = Ad-Hoc|Mixed Platforms
		Ad-Hoc|x86 = Ad-Hoc|x86
		AppStore|Any CPU = AppStore|Any CPU
		AppStore|ARM = AppStore|ARM
		AppStore|iPhone = AppStore|iPhone
		AppStore|iPhoneSimulator = AppStore|iPhoneSimulator
		AppStore|Mixed Platforms = AppStore|Mixed Platforms
		AppStore|x86 = AppStore|x86
		Debug|Any CPU = Debug|Any CPU
		Debug|ARM = Debug|ARM
		Debug|iPhone = Debug|iPhone
		Debug|iPhoneSimulator = Debug|iPhoneSimulator
		Debug|Mixed Platforms = Debug|Mixed Platforms
		Debug|x86 = Debug|x86
		Release|Any CPU = Release|Any CPU
		Release|ARM = Release|ARM
		Release|iPhone = Release|iPhone
		Release|iPhoneSimulator = Release|iPhoneSimulator
		Release|Mixed Platforms = Release|Mixed Platforms
		Release|x86 = Release|x86
	EndGlobalSection
	GlobalSection(ProjectConfigurationPlatforms) = postSolution
		{5C8D4C37-30C5-4D1F-903C-E697DE56D7BC}.Ad-Hoc|Any CPU.ActiveCfg = Release|Any CPU
		{5C8D4C37-30C5-4D1F-903C-E697DE56D7BC}.Ad-Hoc|Any CPU.Build.0 = Release|Any CPU
		{5C8D4C37-30C5-4D1F-903C-E697DE56D7BC}.Ad-Hoc|Any CPU.Deploy.0 = Release|Any CPU
		{5C8D4C37-30C5-4D1F-903C-E697DE56D7BC}.Ad-Hoc|ARM.ActiveCfg = Debug|Any CPU
		{5C8D4C37-30C5-4D1F-903C-E697DE56D7BC}.Ad-Hoc|iPhone.ActiveCfg = Release|Any CPU
		{5C8D4C37-30C5-4D1F-903C-E697DE56D7BC}.Ad-Hoc|iPhoneSimulator.ActiveCfg = Release|Any CPU
		{5C8D4C37-30C5-4D1F-903C-E697DE56D7BC}.Ad-Hoc|Mixed Platforms.ActiveCfg = Release|Any CPU
		{5C8D4C37-30C5-4D1F-903C-E697DE56D7BC}.Ad-Hoc|Mixed Platforms.Build.0 = Release|Any CPU
		{5C8D4C37-30C5-4D1F-903C-E697DE56D7BC}.Ad-Hoc|Mixed Platforms.Deploy.0 = Release|Any CPU
		{5C8D4C37-30C5-4D1F-903C-E697DE56D7BC}.Ad-Hoc|x86.ActiveCfg = Debug|Any CPU
		{5C8D4C37-30C5-4D1F-903C-E697DE56D7BC}.AppStore|Any CPU.ActiveCfg = Release|Any CPU
		{5C8D4C37-30C5-4D1F-903C-E697DE56D7BC}.AppStore|Any CPU.Build.0 = Release|Any CPU
		{5C8D4C37-30C5-4D1F-903C-E697DE56D7BC}.AppStore|Any CPU.Deploy.0 = Release|Any CPU
		{5C8D4C37-30C5-4D1F-903C-E697DE56D7BC}.AppStore|ARM.ActiveCfg = Debug|Any CPU
		{5C8D4C37-30C5-4D1F-903C-E697DE56D7BC}.AppStore|iPhone.ActiveCfg = Release|Any CPU
		{5C8D4C37-30C5-4D1F-903C-E697DE56D7BC}.AppStore|iPhoneSimulator.ActiveCfg = Release|Any CPU
		{5C8D4C37-30C5-4D1F-903C-E697DE56D7BC}.AppStore|Mixed Platforms.ActiveCfg = Release|Any CPU
		{5C8D4C37-30C5-4D1F-903C-E697DE56D7BC}.AppStore|Mixed Platforms.Build.0 = Release|Any CPU
		{5C8D4C37-30C5-4D1F-903C-E697DE56D7BC}.AppStore|Mixed Platforms.Deploy.0 = Release|Any CPU
		{5C8D4C37-30C5-4D1F-903C-E697DE56D7BC}.AppStore|x86.ActiveCfg = Debug|Any CPU
		{5C8D4C37-30C5-4D1F-903C-E697DE56D7BC}.Debug|Any CPU.ActiveCfg = Debug|Any CPU
		{5C8D4C37-30C5-4D1F-903C-E697DE56D7BC}.Debug|Any CPU.Build.0 = Debug|Any CPU
		{5C8D4C37-30C5-4D1F-903C-E697DE56D7BC}.Debug|Any CPU.Deploy.0 = Debug|Any CPU
		{5C8D4C37-30C5-4D1F-903C-E697DE56D7BC}.Debug|ARM.ActiveCfg = Debug|Any CPU
		{5C8D4C37-30C5-4D1F-903C-E697DE56D7BC}.Debug|iPhone.ActiveCfg = Debug|Any CPU
		{5C8D4C37-30C5-4D1F-903C-E697DE56D7BC}.Debug|iPhoneSimulator.ActiveCfg = Debug|Any CPU
		{5C8D4C37-30C5-4D1F-903C-E697DE56D7BC}.Debug|iPhoneSimulator.Build.0 = Debug|Any CPU
		{5C8D4C37-30C5-4D1F-903C-E697DE56D7BC}.Debug|Mixed Platforms.ActiveCfg = Debug|Any CPU
		{5C8D4C37-30C5-4D1F-903C-E697DE56D7BC}.Debug|Mixed Platforms.Build.0 = Debug|Any CPU
		{5C8D4C37-30C5-4D1F-903C-E697DE56D7BC}.Debug|Mixed Platforms.Deploy.0 = Debug|Any CPU
		{5C8D4C37-30C5-4D1F-903C-E697DE56D7BC}.Debug|x86.ActiveCfg = Debug|Any CPU
		{5C8D4C37-30C5-4D1F-903C-E697DE56D7BC}.Release|Any CPU.ActiveCfg = Release|Any CPU
		{5C8D4C37-30C5-4D1F-903C-E697DE56D7BC}.Release|Any CPU.Build.0 = Release|Any CPU
		{5C8D4C37-30C5-4D1F-903C-E697DE56D7BC}.Release|ARM.ActiveCfg = Release|Any CPU
		{5C8D4C37-30C5-4D1F-903C-E697DE56D7BC}.Release|iPhone.ActiveCfg = Release|Any CPU
		{5C8D4C37-30C5-4D1F-903C-E697DE56D7BC}.Release|iPhoneSimulator.ActiveCfg = Release|Any CPU
		{5C8D4C37-30C5-4D1F-903C-E697DE56D7BC}.Release|Mixed Platforms.ActiveCfg = Release|Any CPU
		{5C8D4C37-30C5-4D1F-903C-E697DE56D7BC}.Release|Mixed Platforms.Build.0 = Release|Any CPU
		{5C8D4C37-30C5-4D1F-903C-E697DE56D7BC}.Release|Mixed Platforms.Deploy.0 = Release|Any CPU
		{5C8D4C37-30C5-4D1F-903C-E697DE56D7BC}.Release|x86.ActiveCfg = Release|Any CPU
		{4FD5D9F9-9568-44AF-93E8-142894F851D8}.Ad-Hoc|Any CPU.ActiveCfg = Release|Any CPU
		{4FD5D9F9-9568-44AF-93E8-142894F851D8}.Ad-Hoc|Any CPU.Build.0 = Release|Any CPU
		{4FD5D9F9-9568-44AF-93E8-142894F851D8}.Ad-Hoc|Any CPU.Deploy.0 = Release|Any CPU
		{4FD5D9F9-9568-44AF-93E8-142894F851D8}.Ad-Hoc|ARM.ActiveCfg = Debug|Any CPU
		{4FD5D9F9-9568-44AF-93E8-142894F851D8}.Ad-Hoc|iPhone.ActiveCfg = Release|Any CPU
		{4FD5D9F9-9568-44AF-93E8-142894F851D8}.Ad-Hoc|iPhoneSimulator.ActiveCfg = Release|Any CPU
		{4FD5D9F9-9568-44AF-93E8-142894F851D8}.Ad-Hoc|Mixed Platforms.ActiveCfg = Release|Any CPU
		{4FD5D9F9-9568-44AF-93E8-142894F851D8}.Ad-Hoc|Mixed Platforms.Build.0 = Release|Any CPU
		{4FD5D9F9-9568-44AF-93E8-142894F851D8}.Ad-Hoc|Mixed Platforms.Deploy.0 = Release|Any CPU
		{4FD5D9F9-9568-44AF-93E8-142894F851D8}.Ad-Hoc|x86.ActiveCfg = Debug|Any CPU
		{4FD5D9F9-9568-44AF-93E8-142894F851D8}.AppStore|Any CPU.ActiveCfg = Release|Any CPU
		{4FD5D9F9-9568-44AF-93E8-142894F851D8}.AppStore|Any CPU.Build.0 = Release|Any CPU
		{4FD5D9F9-9568-44AF-93E8-142894F851D8}.AppStore|Any CPU.Deploy.0 = Release|Any CPU
		{4FD5D9F9-9568-44AF-93E8-142894F851D8}.AppStore|ARM.ActiveCfg = Debug|Any CPU
		{4FD5D9F9-9568-44AF-93E8-142894F851D8}.AppStore|iPhone.ActiveCfg = Release|Any CPU
		{4FD5D9F9-9568-44AF-93E8-142894F851D8}.AppStore|iPhoneSimulator.ActiveCfg = Release|Any CPU
		{4FD5D9F9-9568-44AF-93E8-142894F851D8}.AppStore|Mixed Platforms.ActiveCfg = Release|Any CPU
		{4FD5D9F9-9568-44AF-93E8-142894F851D8}.AppStore|Mixed Platforms.Build.0 = Release|Any CPU
		{4FD5D9F9-9568-44AF-93E8-142894F851D8}.AppStore|Mixed Platforms.Deploy.0 = Release|Any CPU
		{4FD5D9F9-9568-44AF-93E8-142894F851D8}.AppStore|x86.ActiveCfg = Debug|Any CPU
		{4FD5D9F9-9568-44AF-93E8-142894F851D8}.Debug|Any CPU.ActiveCfg = Debug|Any CPU
		{4FD5D9F9-9568-44AF-93E8-142894F851D8}.Debug|Any CPU.Build.0 = Debug|Any CPU
		{4FD5D9F9-9568-44AF-93E8-142894F851D8}.Debug|Any CPU.Deploy.0 = Debug|Any CPU
		{4FD5D9F9-9568-44AF-93E8-142894F851D8}.Debug|ARM.ActiveCfg = Debug|Any CPU
		{4FD5D9F9-9568-44AF-93E8-142894F851D8}.Debug|iPhone.ActiveCfg = Debug|Any CPU
		{4FD5D9F9-9568-44AF-93E8-142894F851D8}.Debug|iPhoneSimulator.ActiveCfg = Debug|Any CPU
		{4FD5D9F9-9568-44AF-93E8-142894F851D8}.Debug|iPhoneSimulator.Build.0 = Debug|Any CPU
		{4FD5D9F9-9568-44AF-93E8-142894F851D8}.Debug|Mixed Platforms.ActiveCfg = Debug|Any CPU
		{4FD5D9F9-9568-44AF-93E8-142894F851D8}.Debug|Mixed Platforms.Build.0 = Debug|Any CPU
		{4FD5D9F9-9568-44AF-93E8-142894F851D8}.Debug|Mixed Platforms.Deploy.0 = Debug|Any CPU
		{4FD5D9F9-9568-44AF-93E8-142894F851D8}.Debug|x86.ActiveCfg = Debug|Any CPU
		{4FD5D9F9-9568-44AF-93E8-142894F851D8}.Release|Any CPU.ActiveCfg = Release|Any CPU
		{4FD5D9F9-9568-44AF-93E8-142894F851D8}.Release|Any CPU.Build.0 = Release|Any CPU
		{4FD5D9F9-9568-44AF-93E8-142894F851D8}.Release|ARM.ActiveCfg = Release|Any CPU
		{4FD5D9F9-9568-44AF-93E8-142894F851D8}.Release|iPhone.ActiveCfg = Release|Any CPU
		{4FD5D9F9-9568-44AF-93E8-142894F851D8}.Release|iPhoneSimulator.ActiveCfg = Release|Any CPU
		{4FD5D9F9-9568-44AF-93E8-142894F851D8}.Release|Mixed Platforms.ActiveCfg = Release|Any CPU
		{4FD5D9F9-9568-44AF-93E8-142894F851D8}.Release|Mixed Platforms.Build.0 = Release|Any CPU
		{4FD5D9F9-9568-44AF-93E8-142894F851D8}.Release|Mixed Platforms.Deploy.0 = Release|Any CPU
		{4FD5D9F9-9568-44AF-93E8-142894F851D8}.Release|x86.ActiveCfg = Release|Any CPU
		{61FD5F83-37A5-4B3C-BDC2-A84339344A27}.Ad-Hoc|Any CPU.ActiveCfg = Ad-Hoc|iPhone
		{61FD5F83-37A5-4B3C-BDC2-A84339344A27}.Ad-Hoc|ARM.ActiveCfg = Ad-Hoc|iPhoneSimulator
		{61FD5F83-37A5-4B3C-BDC2-A84339344A27}.Ad-Hoc|iPhone.ActiveCfg = Ad-Hoc|iPhone
		{61FD5F83-37A5-4B3C-BDC2-A84339344A27}.Ad-Hoc|iPhone.Build.0 = Ad-Hoc|iPhone
		{61FD5F83-37A5-4B3C-BDC2-A84339344A27}.Ad-Hoc|iPhoneSimulator.ActiveCfg = Ad-Hoc|iPhoneSimulator
		{61FD5F83-37A5-4B3C-BDC2-A84339344A27}.Ad-Hoc|iPhoneSimulator.Build.0 = Ad-Hoc|iPhoneSimulator
		{61FD5F83-37A5-4B3C-BDC2-A84339344A27}.Ad-Hoc|Mixed Platforms.ActiveCfg = Ad-Hoc|iPhone
		{61FD5F83-37A5-4B3C-BDC2-A84339344A27}.Ad-Hoc|Mixed Platforms.Build.0 = Ad-Hoc|iPhone
		{61FD5F83-37A5-4B3C-BDC2-A84339344A27}.Ad-Hoc|x86.ActiveCfg = Ad-Hoc|iPhoneSimulator
		{61FD5F83-37A5-4B3C-BDC2-A84339344A27}.AppStore|Any CPU.ActiveCfg = AppStore|iPhone
		{61FD5F83-37A5-4B3C-BDC2-A84339344A27}.AppStore|ARM.ActiveCfg = AppStore|iPhoneSimulator
		{61FD5F83-37A5-4B3C-BDC2-A84339344A27}.AppStore|iPhone.ActiveCfg = AppStore|iPhone
		{61FD5F83-37A5-4B3C-BDC2-A84339344A27}.AppStore|iPhone.Build.0 = AppStore|iPhone
		{61FD5F83-37A5-4B3C-BDC2-A84339344A27}.AppStore|iPhoneSimulator.ActiveCfg = AppStore|iPhoneSimulator
		{61FD5F83-37A5-4B3C-BDC2-A84339344A27}.AppStore|iPhoneSimulator.Build.0 = AppStore|iPhoneSimulator
		{61FD5F83-37A5-4B3C-BDC2-A84339344A27}.AppStore|Mixed Platforms.ActiveCfg = AppStore|iPhone
		{61FD5F83-37A5-4B3C-BDC2-A84339344A27}.AppStore|Mixed Platforms.Build.0 = AppStore|iPhone
		{61FD5F83-37A5-4B3C-BDC2-A84339344A27}.AppStore|x86.ActiveCfg = AppStore|iPhoneSimulator
		{61FD5F83-37A5-4B3C-BDC2-A84339344A27}.Debug|Any CPU.ActiveCfg = Debug|iPhone
		{61FD5F83-37A5-4B3C-BDC2-A84339344A27}.Debug|ARM.ActiveCfg = Debug|iPhoneSimulator
		{61FD5F83-37A5-4B3C-BDC2-A84339344A27}.Debug|iPhone.ActiveCfg = Debug|iPhone
		{61FD5F83-37A5-4B3C-BDC2-A84339344A27}.Debug|iPhone.Build.0 = Debug|iPhone
		{61FD5F83-37A5-4B3C-BDC2-A84339344A27}.Debug|iPhoneSimulator.ActiveCfg = Debug|iPhoneSimulator
		{61FD5F83-37A5-4B3C-BDC2-A84339344A27}.Debug|iPhoneSimulator.Build.0 = Debug|iPhoneSimulator
		{61FD5F83-37A5-4B3C-BDC2-A84339344A27}.Debug|Mixed Platforms.ActiveCfg = Debug|iPhone
		{61FD5F83-37A5-4B3C-BDC2-A84339344A27}.Debug|Mixed Platforms.Build.0 = Debug|iPhone
		{61FD5F83-37A5-4B3C-BDC2-A84339344A27}.Debug|x86.ActiveCfg = Debug|iPhoneSimulator
		{61FD5F83-37A5-4B3C-BDC2-A84339344A27}.Release|Any CPU.ActiveCfg = Release|iPhone
		{61FD5F83-37A5-4B3C-BDC2-A84339344A27}.Release|ARM.ActiveCfg = Release|iPhoneSimulator
		{61FD5F83-37A5-4B3C-BDC2-A84339344A27}.Release|iPhone.ActiveCfg = Release|iPhone
		{61FD5F83-37A5-4B3C-BDC2-A84339344A27}.Release|iPhone.Build.0 = Release|iPhone
		{61FD5F83-37A5-4B3C-BDC2-A84339344A27}.Release|iPhoneSimulator.ActiveCfg = Release|iPhoneSimulator
		{61FD5F83-37A5-4B3C-BDC2-A84339344A27}.Release|iPhoneSimulator.Build.0 = Release|iPhoneSimulator
		{61FD5F83-37A5-4B3C-BDC2-A84339344A27}.Release|Mixed Platforms.ActiveCfg = Release|iPhone
		{61FD5F83-37A5-4B3C-BDC2-A84339344A27}.Release|Mixed Platforms.Build.0 = Release|iPhone
		{61FD5F83-37A5-4B3C-BDC2-A84339344A27}.Release|x86.ActiveCfg = Release|iPhoneSimulator
		{D18294B8-9FC4-4BDD-8EC5-6353A65B1F35}.Ad-Hoc|Any CPU.ActiveCfg = Ad-Hoc|iPhone
		{D18294B8-9FC4-4BDD-8EC5-6353A65B1F35}.Ad-Hoc|ARM.ActiveCfg = Ad-Hoc|iPhoneSimulator
		{D18294B8-9FC4-4BDD-8EC5-6353A65B1F35}.Ad-Hoc|iPhone.ActiveCfg = Ad-Hoc|iPhone
		{D18294B8-9FC4-4BDD-8EC5-6353A65B1F35}.Ad-Hoc|iPhone.Build.0 = Ad-Hoc|iPhone
		{D18294B8-9FC4-4BDD-8EC5-6353A65B1F35}.Ad-Hoc|iPhoneSimulator.ActiveCfg = Ad-Hoc|iPhoneSimulator
		{D18294B8-9FC4-4BDD-8EC5-6353A65B1F35}.Ad-Hoc|iPhoneSimulator.Build.0 = Ad-Hoc|iPhoneSimulator
		{D18294B8-9FC4-4BDD-8EC5-6353A65B1F35}.Ad-Hoc|Mixed Platforms.ActiveCfg = Ad-Hoc|iPhone
		{D18294B8-9FC4-4BDD-8EC5-6353A65B1F35}.Ad-Hoc|Mixed Platforms.Build.0 = Ad-Hoc|iPhone
		{D18294B8-9FC4-4BDD-8EC5-6353A65B1F35}.Ad-Hoc|x86.ActiveCfg = Ad-Hoc|iPhoneSimulator
		{D18294B8-9FC4-4BDD-8EC5-6353A65B1F35}.AppStore|Any CPU.ActiveCfg = AppStore|iPhone
		{D18294B8-9FC4-4BDD-8EC5-6353A65B1F35}.AppStore|ARM.ActiveCfg = AppStore|iPhoneSimulator
		{D18294B8-9FC4-4BDD-8EC5-6353A65B1F35}.AppStore|iPhone.ActiveCfg = AppStore|iPhone
		{D18294B8-9FC4-4BDD-8EC5-6353A65B1F35}.AppStore|iPhone.Build.0 = AppStore|iPhone
		{D18294B8-9FC4-4BDD-8EC5-6353A65B1F35}.AppStore|iPhoneSimulator.ActiveCfg = AppStore|iPhoneSimulator
		{D18294B8-9FC4-4BDD-8EC5-6353A65B1F35}.AppStore|iPhoneSimulator.Build.0 = AppStore|iPhoneSimulator
		{D18294B8-9FC4-4BDD-8EC5-6353A65B1F35}.AppStore|Mixed Platforms.ActiveCfg = AppStore|iPhone
		{D18294B8-9FC4-4BDD-8EC5-6353A65B1F35}.AppStore|Mixed Platforms.Build.0 = AppStore|iPhone
		{D18294B8-9FC4-4BDD-8EC5-6353A65B1F35}.AppStore|x86.ActiveCfg = AppStore|iPhoneSimulator
		{D18294B8-9FC4-4BDD-8EC5-6353A65B1F35}.Debug|Any CPU.ActiveCfg = Debug|iPhone
		{D18294B8-9FC4-4BDD-8EC5-6353A65B1F35}.Debug|ARM.ActiveCfg = Debug|iPhoneSimulator
		{D18294B8-9FC4-4BDD-8EC5-6353A65B1F35}.Debug|iPhone.ActiveCfg = Debug|iPhone
		{D18294B8-9FC4-4BDD-8EC5-6353A65B1F35}.Debug|iPhone.Build.0 = Debug|iPhone
		{D18294B8-9FC4-4BDD-8EC5-6353A65B1F35}.Debug|iPhoneSimulator.ActiveCfg = Debug|iPhoneSimulator
		{D18294B8-9FC4-4BDD-8EC5-6353A65B1F35}.Debug|iPhoneSimulator.Build.0 = Debug|iPhoneSimulator
		{D18294B8-9FC4-4BDD-8EC5-6353A65B1F35}.Debug|Mixed Platforms.ActiveCfg = Debug|iPhone
		{D18294B8-9FC4-4BDD-8EC5-6353A65B1F35}.Debug|Mixed Platforms.Build.0 = Debug|iPhone
		{D18294B8-9FC4-4BDD-8EC5-6353A65B1F35}.Debug|x86.ActiveCfg = Debug|iPhoneSimulator
		{D18294B8-9FC4-4BDD-8EC5-6353A65B1F35}.Release|Any CPU.ActiveCfg = Release|iPhone
		{D18294B8-9FC4-4BDD-8EC5-6353A65B1F35}.Release|ARM.ActiveCfg = Release|iPhoneSimulator
		{D18294B8-9FC4-4BDD-8EC5-6353A65B1F35}.Release|iPhone.ActiveCfg = Release|iPhone
		{D18294B8-9FC4-4BDD-8EC5-6353A65B1F35}.Release|iPhone.Build.0 = Release|iPhone
		{D18294B8-9FC4-4BDD-8EC5-6353A65B1F35}.Release|iPhoneSimulator.ActiveCfg = Release|iPhoneSimulator
		{D18294B8-9FC4-4BDD-8EC5-6353A65B1F35}.Release|iPhoneSimulator.Build.0 = Release|iPhoneSimulator
		{D18294B8-9FC4-4BDD-8EC5-6353A65B1F35}.Release|Mixed Platforms.ActiveCfg = Release|iPhone
		{D18294B8-9FC4-4BDD-8EC5-6353A65B1F35}.Release|Mixed Platforms.Build.0 = Release|iPhone
		{D18294B8-9FC4-4BDD-8EC5-6353A65B1F35}.Release|x86.ActiveCfg = Release|iPhoneSimulator
	EndGlobalSection
	GlobalSection(SolutionProperties) = preSolution
		HideSolutionNode = FALSE
	EndGlobalSection
EndGlobal
