
Microsoft Visual Studio Solution File, Format Version 12.00
# Visual Studio 2013
VisualStudioVersion = 12.0.31101.0
MinimumVisualStudioVersion = 10.0.40219.1
Project("{FAE04EC0-301F-11D3-BF4B-00C04F79EFBC}") = "PerfTest1-ClassicXamarin.Android", "PerfTest1-ClassicXamarin.Android\PerfTest1-ClassicXamarin.Android.csproj", "{9E0AA8C5-8948-4A12-A8FB-FED9D0A97444}"
EndProject
Project("{D954291E-2A0B-460D-934E-DC6B0785DB48}") = "PerfTest1-Xamarin.Shared", "PerfTest1-Xamarin.Shared\PerfTest1-Xamarin.Shared.shproj", "{3CAB41FF-2404-4490-893B-C6223196EC04}"
EndProject
Project("{FAE04EC0-301F-11D3-BF4B-00C04F79EFBC}") = "PerfTest1-ClassicXamarin.Ios", "PerfTest1-ClassicXamarin.Ios\PerfTest1-ClassicXamarin.Ios.csproj", "{ACF38F31-868C-440E-A7DB-A5F0E9F7DC97}"
EndProject
Project("{FAE04EC0-301F-11D3-BF4B-00C04F79EFBC}") = "PerfTest1-XamarinForms.Ios", "PerfTest1-XamarinForms.Ios\PerfTest1-XamarinForms.Ios.csproj", "{D52D184B-80AE-41CB-868F-30E77BD46D9F}"
EndProject
Project("{FAE04EC0-301F-11D3-BF4B-00C04F79EFBC}") = "PerfTest1-XamarinForms.Android", "PerfTest1-XamarinForms.Android\PerfTest1-XamarinForms.Android.csproj", "{7C7B73A5-3A6F-4B27-88FC-E2B9780443E4}"
EndProject
Project("{D954291E-2A0B-460D-934E-DC6B0785DB48}") = "PerfTest1-XamarinForms.Shared", "PerfTest1-XamarinForms.Shared\PerfTest1-XamarinForms.Shared.shproj", "{6730ABAE-D2EC-431B-ACAF-EF82E0A9703C}"
EndProject
Global
	GlobalSection(SharedMSBuildProjectFiles) = preSolution
		PerfTest1-Xamarin.Shared\PerfTest1-Xamarin.Shared.projitems*{acf38f31-868c-440e-a7db-a5f0e9f7dc97}*SharedItemsImports = 4
		PerfTest1-XamarinForms.Shared\PerfTest1-XamarinForms.Shared.projitems*{7c7b73a5-3a6f-4b27-88fc-e2b9780443e4}*SharedItemsImports = 4
		PerfTest1-Xamarin.Shared\PerfTest1-Xamarin.Shared.projitems*{7c7b73a5-3a6f-4b27-88fc-e2b9780443e4}*SharedItemsImports = 4
		PerfTest1-Xamarin.Shared\PerfTest1-Xamarin.Shared.projitems*{3cab41ff-2404-4490-893b-c6223196ec04}*SharedItemsImports = 13
		PerfTest1-Xamarin.Shared\PerfTest1-Xamarin.Shared.projitems*{9e0aa8c5-8948-4a12-a8fb-fed9d0a97444}*SharedItemsImports = 4
		PerfTest1-XamarinForms.Shared\PerfTest1-XamarinForms.Shared.projitems*{6730abae-d2ec-431b-acaf-ef82e0a9703c}*SharedItemsImports = 13
		PerfTest1-XamarinForms.Shared\PerfTest1-XamarinForms.Shared.projitems*{d52d184b-80ae-41cb-868f-30e77bd46d9f}*SharedItemsImports = 4
		PerfTest1-Xamarin.Shared\PerfTest1-Xamarin.Shared.projitems*{d52d184b-80ae-41cb-868f-30e77bd46d9f}*SharedItemsImports = 4
	EndGlobalSection
	GlobalSection(SolutionConfigurationPlatforms) = preSolution
		Ad-Hoc|Any CPU = Ad-Hoc|Any CPU
		Ad-Hoc|ARM = Ad-Hoc|ARM
		Ad-Hoc|iPhone = Ad-Hoc|iPhone
		Ad-Hoc|iPhoneSimulator = Ad-Hoc|iPhoneSimulator
		Ad-Hoc|Mixed Platforms = Ad-Hoc|Mixed Platforms
		Ad-Hoc|x86 = Ad-Hoc|x86
		AppStore|Any CPU = AppStore|Any CPU
		AppStore|ARM = AppStore|ARM
		AppStore|iPhone = AppStore|iPhone
		AppStore|iPhoneSimulator = AppStore|iPhoneSimulator
		AppStore|Mixed Platforms = AppStore|Mixed Platforms
		AppStore|x86 = AppStore|x86
		Debug|Any CPU = Debug|Any CPU
		Debug|ARM = Debug|ARM
		Debug|iPhone = Debug|iPhone
		Debug|iPhoneSimulator = Debug|iPhoneSimulator
		Debug|Mixed Platforms = Debug|Mixed Platforms
		Debug|x86 = Debug|x86
		Release|Any CPU = Release|Any CPU
		Release|ARM = Release|ARM
		Release|iPhone = Release|iPhone
		Release|iPhoneSimulator = Release|iPhoneSimulator
		Release|Mixed Platforms = Release|Mixed Platforms
		Release|x86 = Release|x86
	EndGlobalSection
	GlobalSection(ProjectConfigurationPlatforms) = postSolution
		{9E0AA8C5-8948-4A12-A8FB-FED9D0A97444}.Ad-Hoc|Any CPU.ActiveCfg = Release|Any CPU
		{9E0AA8C5-8948-4A12-A8FB-FED9D0A97444}.Ad-Hoc|Any CPU.Build.0 = Release|Any CPU
		{9E0AA8C5-8948-4A12-A8FB-FED9D0A97444}.Ad-Hoc|Any CPU.Deploy.0 = Release|Any CPU
		{9E0AA8C5-8948-4A12-A8FB-FED9D0A97444}.Ad-Hoc|ARM.ActiveCfg = Debug|Any CPU
		{9E0AA8C5-8948-4A12-A8FB-FED9D0A97444}.Ad-Hoc|iPhone.ActiveCfg = Release|Any CPU
		{9E0AA8C5-8948-4A12-A8FB-FED9D0A97444}.Ad-Hoc|iPhoneSimulator.ActiveCfg = Release|Any CPU
		{9E0AA8C5-8948-4A12-A8FB-FED9D0A97444}.Ad-Hoc|Mixed Platforms.ActiveCfg = Release|Any CPU
		{9E0AA8C5-8948-4A12-A8FB-FED9D0A97444}.Ad-Hoc|Mixed Platforms.Build.0 = Release|Any CPU
		{9E0AA8C5-8948-4A12-A8FB-FED9D0A97444}.Ad-Hoc|Mixed Platforms.Deploy.0 = Release|Any CPU
		{9E0AA8C5-8948-4A12-A8FB-FED9D0A97444}.Ad-Hoc|x86.ActiveCfg = Debug|Any CPU
		{9E0AA8C5-8948-4A12-A8FB-FED9D0A97444}.AppStore|Any CPU.ActiveCfg = Release|Any CPU
		{9E0AA8C5-8948-4A12-A8FB-FED9D0A97444}.AppStore|Any CPU.Build.0 = Release|Any CPU
		{9E0AA8C5-8948-4A12-A8FB-FED9D0A97444}.AppStore|Any CPU.Deploy.0 = Release|Any CPU
		{9E0AA8C5-8948-4A12-A8FB-FED9D0A97444}.AppStore|ARM.ActiveCfg = Debug|Any CPU
		{9E0AA8C5-8948-4A12-A8FB-FED9D0A97444}.AppStore|iPhone.ActiveCfg = Release|Any CPU
		{9E0AA8C5-8948-4A12-A8FB-FED9D0A97444}.AppStore|iPhoneSimulator.ActiveCfg = Release|Any CPU
		{9E0AA8C5-8948-4A12-A8FB-FED9D0A97444}.AppStore|Mixed Platforms.ActiveCfg = Release|Any CPU
		{9E0AA8C5-8948-4A12-A8FB-FED9D0A97444}.AppStore|Mixed Platforms.Build.0 = Release|Any CPU
		{9E0AA8C5-8948-4A12-A8FB-FED9D0A97444}.AppStore|Mixed Platforms.Deploy.0 = Release|Any CPU
		{9E0AA8C5-8948-4A12-A8FB-FED9D0A97444}.AppStore|x86.ActiveCfg = Debug|Any CPU
		{9E0AA8C5-8948-4A12-A8FB-FED9D0A97444}.Debug|Any CPU.ActiveCfg = Debug|Any CPU
		{9E0AA8C5-8948-4A12-A8FB-FED9D0A97444}.Debug|Any CPU.Build.0 = Debug|Any CPU
		{9E0AA8C5-8948-4A12-A8FB-FED9D0A97444}.Debug|Any CPU.Deploy.0 = Debug|Any CPU
		{9E0AA8C5-8948-4A12-A8FB-FED9D0A97444}.Debug|ARM.ActiveCfg = Debug|Any CPU
		{9E0AA8C5-8948-4A12-A8FB-FED9D0A97444}.Debug|iPhone.ActiveCfg = Debug|Any CPU
		{9E0AA8C5-8948-4A12-A8FB-FED9D0A97444}.Debug|iPhone.Build.0 = Debug|Any CPU
		{9E0AA8C5-8948-4A12-A8FB-FED9D0A97444}.Debug|iPhone.Deploy.0 = Debug|Any CPU
		{9E0AA8C5-8948-4A12-A8FB-FED9D0A97444}.Debug|iPhoneSimulator.ActiveCfg = Debug|Any CPU
		{9E0AA8C5-8948-4A12-A8FB-FED9D0A97444}.Debug|Mixed Platforms.ActiveCfg = Debug|Any CPU
		{9E0AA8C5-8948-4A12-A8FB-FED9D0A97444}.Debug|Mixed Platforms.Build.0 = Debug|Any CPU
		{9E0AA8C5-8948-4A12-A8FB-FED9D0A97444}.Debug|Mixed Platforms.Deploy.0 = Debug|Any CPU
		{9E0AA8C5-8948-4A12-A8FB-FED9D0A97444}.Debug|x86.ActiveCfg = Debug|Any CPU
		{9E0AA8C5-8948-4A12-A8FB-FED9D0A97444}.Release|Any CPU.ActiveCfg = Release|Any CPU
		{9E0AA8C5-8948-4A12-A8FB-FED9D0A97444}.Release|Any CPU.Build.0 = Release|Any CPU
		{9E0AA8C5-8948-4A12-A8FB-FED9D0A97444}.Release|Any CPU.Deploy.0 = Release|Any CPU
		{9E0AA8C5-8948-4A12-A8FB-FED9D0A97444}.Release|ARM.ActiveCfg = Release|Any CPU
		{9E0AA8C5-8948-4A12-A8FB-FED9D0A97444}.Release|iPhone.ActiveCfg = Release|Any CPU
		{9E0AA8C5-8948-4A12-A8FB-FED9D0A97444}.Release|iPhoneSimulator.ActiveCfg = Release|Any CPU
		{9E0AA8C5-8948-4A12-A8FB-FED9D0A97444}.Release|Mixed Platforms.ActiveCfg = Release|Any CPU
		{9E0AA8C5-8948-4A12-A8FB-FED9D0A97444}.Release|Mixed Platforms.Build.0 = Release|Any CPU
		{9E0AA8C5-8948-4A12-A8FB-FED9D0A97444}.Release|Mixed Platforms.Deploy.0 = Release|Any CPU
		{9E0AA8C5-8948-4A12-A8FB-FED9D0A97444}.Release|x86.ActiveCfg = Release|Any CPU
		{ACF38F31-868C-440E-A7DB-A5F0E9F7DC97}.Ad-Hoc|Any CPU.ActiveCfg = Ad-Hoc|iPhone
		{ACF38F31-868C-440E-A7DB-A5F0E9F7DC97}.Ad-Hoc|ARM.ActiveCfg = Ad-Hoc|iPhoneSimulator
		{ACF38F31-868C-440E-A7DB-A5F0E9F7DC97}.Ad-Hoc|iPhone.ActiveCfg = Ad-Hoc|iPhone
		{ACF38F31-868C-440E-A7DB-A5F0E9F7DC97}.Ad-Hoc|iPhone.Build.0 = Ad-Hoc|iPhone
		{ACF38F31-868C-440E-A7DB-A5F0E9F7DC97}.Ad-Hoc|iPhoneSimulator.ActiveCfg = Ad-Hoc|iPhoneSimulator
		{ACF38F31-868C-440E-A7DB-A5F0E9F7DC97}.Ad-Hoc|iPhoneSimulator.Build.0 = Ad-Hoc|iPhoneSimulator
		{ACF38F31-868C-440E-A7DB-A5F0E9F7DC97}.Ad-Hoc|Mixed Platforms.ActiveCfg = Ad-Hoc|iPhone
		{ACF38F31-868C-440E-A7DB-A5F0E9F7DC97}.Ad-Hoc|Mixed Platforms.Build.0 = Ad-Hoc|iPhone
		{ACF38F31-868C-440E-A7DB-A5F0E9F7DC97}.Ad-Hoc|x86.ActiveCfg = Ad-Hoc|iPhoneSimulator
		{ACF38F31-868C-440E-A7DB-A5F0E9F7DC97}.AppStore|Any CPU.ActiveCfg = AppStore|iPhone
		{ACF38F31-868C-440E-A7DB-A5F0E9F7DC97}.AppStore|ARM.ActiveCfg = AppStore|iPhoneSimulator
		{ACF38F31-868C-440E-A7DB-A5F0E9F7DC97}.AppStore|iPhone.ActiveCfg = AppStore|iPhone
		{ACF38F31-868C-440E-A7DB-A5F0E9F7DC97}.AppStore|iPhone.Build.0 = AppStore|iPhone
		{ACF38F31-868C-440E-A7DB-A5F0E9F7DC97}.AppStore|iPhoneSimulator.ActiveCfg = AppStore|iPhoneSimulator
		{ACF38F31-868C-440E-A7DB-A5F0E9F7DC97}.AppStore|iPhoneSimulator.Build.0 = AppStore|iPhoneSimulator
		{ACF38F31-868C-440E-A7DB-A5F0E9F7DC97}.AppStore|Mixed Platforms.ActiveCfg = AppStore|iPhone
		{ACF38F31-868C-440E-A7DB-A5F0E9F7DC97}.AppStore|Mixed Platforms.Build.0 = AppStore|iPhone
		{ACF38F31-868C-440E-A7DB-A5F0E9F7DC97}.AppStore|x86.ActiveCfg = AppStore|iPhoneSimulator
		{ACF38F31-868C-440E-A7DB-A5F0E9F7DC97}.Debug|Any CPU.ActiveCfg = Debug|iPhone
		{ACF38F31-868C-440E-A7DB-A5F0E9F7DC97}.Debug|ARM.ActiveCfg = Debug|iPhoneSimulator
		{ACF38F31-868C-440E-A7DB-A5F0E9F7DC97}.Debug|iPhone.ActiveCfg = Debug|iPhone
		{ACF38F31-868C-440E-A7DB-A5F0E9F7DC97}.Debug|iPhone.Build.0 = Debug|iPhone
		{ACF38F31-868C-440E-A7DB-A5F0E9F7DC97}.Debug|iPhoneSimulator.ActiveCfg = Debug|iPhoneSimulator
		{ACF38F31-868C-440E-A7DB-A5F0E9F7DC97}.Debug|iPhoneSimulator.Build.0 = Debug|iPhoneSimulator
		{ACF38F31-868C-440E-A7DB-A5F0E9F7DC97}.Debug|Mixed Platforms.ActiveCfg = Debug|iPhone
		{ACF38F31-868C-440E-A7DB-A5F0E9F7DC97}.Debug|Mixed Platforms.Build.0 = Debug|iPhone
		{ACF38F31-868C-440E-A7DB-A5F0E9F7DC97}.Debug|x86.ActiveCfg = Debug|iPhoneSimulator
		{ACF38F31-868C-440E-A7DB-A5F0E9F7DC97}.Release|Any CPU.ActiveCfg = Release|iPhone
		{ACF38F31-868C-440E-A7DB-A5F0E9F7DC97}.Release|ARM.ActiveCfg = Release|iPhoneSimulator
		{ACF38F31-868C-440E-A7DB-A5F0E9F7DC97}.Release|iPhone.ActiveCfg = Release|iPhone
		{ACF38F31-868C-440E-A7DB-A5F0E9F7DC97}.Release|iPhone.Build.0 = Release|iPhone
		{ACF38F31-868C-440E-A7DB-A5F0E9F7DC97}.Release|iPhoneSimulator.ActiveCfg = Release|iPhoneSimulator
		{ACF38F31-868C-440E-A7DB-A5F0E9F7DC97}.Release|iPhoneSimulator.Build.0 = Release|iPhoneSimulator
		{ACF38F31-868C-440E-A7DB-A5F0E9F7DC97}.Release|Mixed Platforms.ActiveCfg = Release|iPhone
		{ACF38F31-868C-440E-A7DB-A5F0E9F7DC97}.Release|Mixed Platforms.Build.0 = Release|iPhone
		{ACF38F31-868C-440E-A7DB-A5F0E9F7DC97}.Release|x86.ActiveCfg = Release|iPhoneSimulator
		{D52D184B-80AE-41CB-868F-30E77BD46D9F}.Ad-Hoc|Any CPU.ActiveCfg = Ad-Hoc|iPhone
		{D52D184B-80AE-41CB-868F-30E77BD46D9F}.Ad-Hoc|ARM.ActiveCfg = Ad-Hoc|iPhone
		{D52D184B-80AE-41CB-868F-30E77BD46D9F}.Ad-Hoc|iPhone.ActiveCfg = Ad-Hoc|iPhone
		{D52D184B-80AE-41CB-868F-30E77BD46D9F}.Ad-Hoc|iPhone.Build.0 = Ad-Hoc|iPhone
		{D52D184B-80AE-41CB-868F-30E77BD46D9F}.Ad-Hoc|iPhoneSimulator.ActiveCfg = Ad-Hoc|iPhoneSimulator
		{D52D184B-80AE-41CB-868F-30E77BD46D9F}.Ad-Hoc|iPhoneSimulator.Build.0 = Ad-Hoc|iPhoneSimulator
		{D52D184B-80AE-41CB-868F-30E77BD46D9F}.Ad-Hoc|Mixed Platforms.ActiveCfg = Ad-Hoc|iPhone
		{D52D184B-80AE-41CB-868F-30E77BD46D9F}.Ad-Hoc|Mixed Platforms.Build.0 = Ad-Hoc|iPhone
		{D52D184B-80AE-41CB-868F-30E77BD46D9F}.Ad-Hoc|x86.ActiveCfg = Ad-Hoc|iPhone
		{D52D184B-80AE-41CB-868F-30E77BD46D9F}.AppStore|Any CPU.ActiveCfg = AppStore|iPhone
		{D52D184B-80AE-41CB-868F-30E77BD46D9F}.AppStore|ARM.ActiveCfg = AppStore|iPhone
		{D52D184B-80AE-41CB-868F-30E77BD46D9F}.AppStore|iPhone.ActiveCfg = AppStore|iPhone
		{D52D184B-80AE-41CB-868F-30E77BD46D9F}.AppStore|iPhone.Build.0 = AppStore|iPhone
		{D52D184B-80AE-41CB-868F-30E77BD46D9F}.AppStore|iPhoneSimulator.ActiveCfg = AppStore|iPhoneSimulator
		{D52D184B-80AE-41CB-868F-30E77BD46D9F}.AppStore|iPhoneSimulator.Build.0 = AppStore|iPhoneSimulator
		{D52D184B-80AE-41CB-868F-30E77BD46D9F}.AppStore|Mixed Platforms.ActiveCfg = AppStore|iPhone
		{D52D184B-80AE-41CB-868F-30E77BD46D9F}.AppStore|Mixed Platforms.Build.0 = AppStore|iPhone
		{D52D184B-80AE-41CB-868F-30E77BD46D9F}.AppStore|x86.ActiveCfg = AppStore|iPhone
		{D52D184B-80AE-41CB-868F-30E77BD46D9F}.Debug|Any CPU.ActiveCfg = Debug|iPhone
		{D52D184B-80AE-41CB-868F-30E77BD46D9F}.Debug|ARM.ActiveCfg = Debug|iPhone
		{D52D184B-80AE-41CB-868F-30E77BD46D9F}.Debug|iPhone.ActiveCfg = Debug|iPhone
		{D52D184B-80AE-41CB-868F-30E77BD46D9F}.Debug|iPhone.Build.0 = Debug|iPhone
		{D52D184B-80AE-41CB-868F-30E77BD46D9F}.Debug|iPhoneSimulator.ActiveCfg = Debug|iPhoneSimulator
		{D52D184B-80AE-41CB-868F-30E77BD46D9F}.Debug|iPhoneSimulator.Build.0 = Debug|iPhoneSimulator
		{D52D184B-80AE-41CB-868F-30E77BD46D9F}.Debug|Mixed Platforms.ActiveCfg = Debug|iPhone
		{D52D184B-80AE-41CB-868F-30E77BD46D9F}.Debug|Mixed Platforms.Build.0 = Debug|iPhone
		{D52D184B-80AE-41CB-868F-30E77BD46D9F}.Debug|x86.ActiveCfg = Debug|iPhone
		{D52D184B-80AE-41CB-868F-30E77BD46D9F}.Release|Any CPU.ActiveCfg = Release|iPhone
		{D52D184B-80AE-41CB-868F-30E77BD46D9F}.Release|ARM.ActiveCfg = Release|iPhone
		{D52D184B-80AE-41CB-868F-30E77BD46D9F}.Release|iPhone.ActiveCfg = Release|iPhone
		{D52D184B-80AE-41CB-868F-30E77BD46D9F}.Release|iPhone.Build.0 = Release|iPhone
		{D52D184B-80AE-41CB-868F-30E77BD46D9F}.Release|iPhoneSimulator.ActiveCfg = Release|iPhoneSimulator
		{D52D184B-80AE-41CB-868F-30E77BD46D9F}.Release|iPhoneSimulator.Build.0 = Release|iPhoneSimulator
		{D52D184B-80AE-41CB-868F-30E77BD46D9F}.Release|Mixed Platforms.ActiveCfg = Release|iPhone
		{D52D184B-80AE-41CB-868F-30E77BD46D9F}.Release|Mixed Platforms.Build.0 = Release|iPhone
		{D52D184B-80AE-41CB-868F-30E77BD46D9F}.Release|x86.ActiveCfg = Release|iPhone
		{7C7B73A5-3A6F-4B27-88FC-E2B9780443E4}.Ad-Hoc|Any CPU.ActiveCfg = Release|Any CPU
		{7C7B73A5-3A6F-4B27-88FC-E2B9780443E4}.Ad-Hoc|Any CPU.Build.0 = Release|Any CPU
		{7C7B73A5-3A6F-4B27-88FC-E2B9780443E4}.Ad-Hoc|Any CPU.Deploy.0 = Release|Any CPU
		{7C7B73A5-3A6F-4B27-88FC-E2B9780443E4}.Ad-Hoc|ARM.ActiveCfg = Release|Any CPU
		{7C7B73A5-3A6F-4B27-88FC-E2B9780443E4}.Ad-Hoc|iPhone.ActiveCfg = Release|Any CPU
		{7C7B73A5-3A6F-4B27-88FC-E2B9780443E4}.Ad-Hoc|iPhoneSimulator.ActiveCfg = Release|Any CPU
		{7C7B73A5-3A6F-4B27-88FC-E2B9780443E4}.Ad-Hoc|Mixed Platforms.ActiveCfg = Release|Any CPU
		{7C7B73A5-3A6F-4B27-88FC-E2B9780443E4}.Ad-Hoc|Mixed Platforms.Build.0 = Release|Any CPU
		{7C7B73A5-3A6F-4B27-88FC-E2B9780443E4}.Ad-Hoc|Mixed Platforms.Deploy.0 = Release|Any CPU
		{7C7B73A5-3A6F-4B27-88FC-E2B9780443E4}.Ad-Hoc|x86.ActiveCfg = Release|Any CPU
		{7C7B73A5-3A6F-4B27-88FC-E2B9780443E4}.AppStore|Any CPU.ActiveCfg = Release|Any CPU
		{7C7B73A5-3A6F-4B27-88FC-E2B9780443E4}.AppStore|Any CPU.Build.0 = Release|Any CPU
		{7C7B73A5-3A6F-4B27-88FC-E2B9780443E4}.AppStore|Any CPU.Deploy.0 = Release|Any CPU
		{7C7B73A5-3A6F-4B27-88FC-E2B9780443E4}.AppStore|ARM.ActiveCfg = Release|Any CPU
		{7C7B73A5-3A6F-4B27-88FC-E2B9780443E4}.AppStore|iPhone.ActiveCfg = Release|Any CPU
		{7C7B73A5-3A6F-4B27-88FC-E2B9780443E4}.AppStore|iPhoneSimulator.ActiveCfg = Release|Any CPU
		{7C7B73A5-3A6F-4B27-88FC-E2B9780443E4}.AppStore|Mixed Platforms.ActiveCfg = Release|Any CPU
		{7C7B73A5-3A6F-4B27-88FC-E2B9780443E4}.AppStore|Mixed Platforms.Build.0 = Release|Any CPU
		{7C7B73A5-3A6F-4B27-88FC-E2B9780443E4}.AppStore|Mixed Platforms.Deploy.0 = Release|Any CPU
		{7C7B73A5-3A6F-4B27-88FC-E2B9780443E4}.AppStore|x86.ActiveCfg = Release|Any CPU
		{7C7B73A5-3A6F-4B27-88FC-E2B9780443E4}.Debug|Any CPU.ActiveCfg = Debug|Any CPU
		{7C7B73A5-3A6F-4B27-88FC-E2B9780443E4}.Debug|Any CPU.Build.0 = Debug|Any CPU
		{7C7B73A5-3A6F-4B27-88FC-E2B9780443E4}.Debug|Any CPU.Deploy.0 = Debug|Any CPU
		{7C7B73A5-3A6F-4B27-88FC-E2B9780443E4}.Debug|ARM.ActiveCfg = Debug|Any CPU
		{7C7B73A5-3A6F-4B27-88FC-E2B9780443E4}.Debug|iPhone.ActiveCfg = Debug|Any CPU
		{7C7B73A5-3A6F-4B27-88FC-E2B9780443E4}.Debug|iPhone.Build.0 = Debug|Any CPU
		{7C7B73A5-3A6F-4B27-88FC-E2B9780443E4}.Debug|iPhone.Deploy.0 = Debug|Any CPU
		{7C7B73A5-3A6F-4B27-88FC-E2B9780443E4}.Debug|iPhoneSimulator.ActiveCfg = Debug|Any CPU
		{7C7B73A5-3A6F-4B27-88FC-E2B9780443E4}.Debug|Mixed Platforms.ActiveCfg = Debug|Any CPU
		{7C7B73A5-3A6F-4B27-88FC-E2B9780443E4}.Debug|Mixed Platforms.Build.0 = Debug|Any CPU
		{7C7B73A5-3A6F-4B27-88FC-E2B9780443E4}.Debug|Mixed Platforms.Deploy.0 = Debug|Any CPU
		{7C7B73A5-3A6F-4B27-88FC-E2B9780443E4}.Debug|x86.ActiveCfg = Debug|Any CPU
		{7C7B73A5-3A6F-4B27-88FC-E2B9780443E4}.Release|Any CPU.ActiveCfg = Release|Any CPU
		{7C7B73A5-3A6F-4B27-88FC-E2B9780443E4}.Release|Any CPU.Build.0 = Release|Any CPU
		{7C7B73A5-3A6F-4B27-88FC-E2B9780443E4}.Release|Any CPU.Deploy.0 = Release|Any CPU
		{7C7B73A5-3A6F-4B27-88FC-E2B9780443E4}.Release|ARM.ActiveCfg = Release|Any CPU
		{7C7B73A5-3A6F-4B27-88FC-E2B9780443E4}.Release|iPhone.ActiveCfg = Release|Any CPU
		{7C7B73A5-3A6F-4B27-88FC-E2B9780443E4}.Release|iPhoneSimulator.ActiveCfg = Release|Any CPU
		{7C7B73A5-3A6F-4B27-88FC-E2B9780443E4}.Release|Mixed Platforms.ActiveCfg = Release|Any CPU
		{7C7B73A5-3A6F-4B27-88FC-E2B9780443E4}.Release|Mixed Platforms.Build.0 = Release|Any CPU
		{7C7B73A5-3A6F-4B27-88FC-E2B9780443E4}.Release|Mixed Platforms.Deploy.0 = Release|Any CPU
		{7C7B73A5-3A6F-4B27-88FC-E2B9780443E4}.Release|x86.ActiveCfg = Release|Any CPU
	EndGlobalSection
	GlobalSection(SolutionProperties) = preSolution
		HideSolutionNode = FALSE
	EndGlobalSection
EndGlobal
